// !$*UTF8*$!
{
	archiveVersion = 1;
	classes = {
	};
	objectVersion = 46;
	objects = {

/* Begin PBXBuildFile section */
		6501AA85184AC3FB005BB8E7 /* StackedGridLayout.m in Sources */ = {isa = PBXBuildFile; fileRef = 6501AA82184AC3FB005BB8E7 /* StackedGridLayout.m */; };
		6501AA86184AC3FB005BB8E7 /* StackedGridLayoutSection.m in Sources */ = {isa = PBXBuildFile; fileRef = 6501AA84184AC3FB005BB8E7 /* StackedGridLayoutSection.m */; };
		650A807F186DE9C7008B13FB /* ECWeather.m in Sources */ = {isa = PBXBuildFile; fileRef = 650A807E186DE9C7008B13FB /* ECWeather.m */; };
		650C4A6B182D9DF00061FA62 /* ECEventViewController.m in Sources */ = {isa = PBXBuildFile; fileRef = 650C4A69182D9DF00061FA62 /* ECEventViewController.m */; };
		650C4A6C182D9DF00061FA62 /* ECEventViewController.xib in Resources */ = {isa = PBXBuildFile; fileRef = 650C4A6A182D9DF00061FA62 /* ECEventViewController.xib */; };
		650C4A6F182EC6300061FA62 /* ECHeaderView.m in Sources */ = {isa = PBXBuildFile; fileRef = 650C4A6E182EC6300061FA62 /* ECHeaderView.m */; };
		650C4A85182EC92F0061FA62 /* bg_cork.png in Resources */ = {isa = PBXBuildFile; fileRef = 650C4A71182EC92F0061FA62 /* bg_cork.png */; };
		650C4A86182EC92F0061FA62 /* bg_cork@2x.png in Resources */ = {isa = PBXBuildFile; fileRef = 650C4A72182EC92F0061FA62 /* bg_cork@2x.png */; };
		650C4A87182EC92F0061FA62 /* button.png in Resources */ = {isa = PBXBuildFile; fileRef = 650C4A73182EC92F0061FA62 /* button.png */; };
		650C4A88182EC92F0061FA62 /* button@2x.png in Resources */ = {isa = PBXBuildFile; fileRef = 650C4A74182EC92F0061FA62 /* button@2x.png */; };
		650C4A89182EC92F0061FA62 /* decoration_snail.png in Resources */ = {isa = PBXBuildFile; fileRef = 650C4A75182EC92F0061FA62 /* decoration_snail.png */; };
		650C4A8A182EC92F0061FA62 /* decoration_snail@2x.png in Resources */ = {isa = PBXBuildFile; fileRef = 650C4A76182EC92F0061FA62 /* decoration_snail@2x.png */; };
		650C4A8B182EC92F0061FA62 /* divider_bar.png in Resources */ = {isa = PBXBuildFile; fileRef = 650C4A77182EC92F0061FA62 /* divider_bar.png */; };
		650C4A8C182EC92F0061FA62 /* divider_bar@2x.png in Resources */ = {isa = PBXBuildFile; fileRef = 650C4A78182EC92F0061FA62 /* divider_bar@2x.png */; };
		650C4A8D182EC92F0061FA62 /* header_bg.png in Resources */ = {isa = PBXBuildFile; fileRef = 650C4A79182EC92F0061FA62 /* header_bg.png */; };
		650C4A8E182EC92F0061FA62 /* header_bg@2x.png in Resources */ = {isa = PBXBuildFile; fileRef = 650C4A7A182EC92F0061FA62 /* header_bg@2x.png */; };
		650C4A8F182EC92F0061FA62 /* navbar.png in Resources */ = {isa = PBXBuildFile; fileRef = 650C4A7B182EC92F0061FA62 /* navbar.png */; };
		650C4A90182EC92F0061FA62 /* navbar@2x.png in Resources */ = {isa = PBXBuildFile; fileRef = 650C4A7C182EC92F0061FA62 /* navbar@2x.png */; };
		650C4A91182EC92F0061FA62 /* polaroid1_border.png in Resources */ = {isa = PBXBuildFile; fileRef = 650C4A7D182EC92F0061FA62 /* polaroid1_border.png */; };
		650C4A92182EC92F0061FA62 /* polaroid1_border@2x.png in Resources */ = {isa = PBXBuildFile; fileRef = 650C4A7E182EC92F0061FA62 /* polaroid1_border@2x.png */; };
		650C4A93182EC92F0061FA62 /* pushpin.png in Resources */ = {isa = PBXBuildFile; fileRef = 650C4A7F182EC92F0061FA62 /* pushpin.png */; };
		650C4A94182EC92F0061FA62 /* pushpin@2x.png in Resources */ = {isa = PBXBuildFile; fileRef = 650C4A80182EC92F0061FA62 /* pushpin@2x.png */; };
		650C4A95182EC92F0061FA62 /* search_field.png in Resources */ = {isa = PBXBuildFile; fileRef = 650C4A81182EC92F0061FA62 /* search_field.png */; };
		650C4A96182EC92F0061FA62 /* search_field@2x.png in Resources */ = {isa = PBXBuildFile; fileRef = 650C4A82182EC92F0061FA62 /* search_field@2x.png */; };
		650C4A97182EC92F0061FA62 /* search_text.png in Resources */ = {isa = PBXBuildFile; fileRef = 650C4A83182EC92F0061FA62 /* search_text.png */; };
		650C4A98182EC92F0061FA62 /* search_text@2x.png in Resources */ = {isa = PBXBuildFile; fileRef = 650C4A84182EC92F0061FA62 /* search_text@2x.png */; };
		650C4A9E183002D50061FA62 /* ECAddEventViewController.m in Sources */ = {isa = PBXBuildFile; fileRef = 650C4A9D183002D50061FA62 /* ECAddEventViewController.m */; };
		65752959185A1A4B000E3226 /* 2-orange-back-button.png in Resources */ = {isa = PBXBuildFile; fileRef = 6575294F185A1A4B000E3226 /* 2-orange-back-button.png */; };
		6575295A185A1A4B000E3226 /* 2-orange-back-button@2x.png in Resources */ = {isa = PBXBuildFile; fileRef = 65752950185A1A4B000E3226 /* 2-orange-back-button@2x.png */; };
		6575295B185A1A4B000E3226 /* 2-orange-background.jpg in Resources */ = {isa = PBXBuildFile; fileRef = 65752951185A1A4B000E3226 /* 2-orange-background.jpg */; };
		6575295C185A1A4B000E3226 /* 2-orange-background@2x.jpg in Resources */ = {isa = PBXBuildFile; fileRef = 65752952185A1A4B000E3226 /* 2-orange-background@2x.jpg */; };
		6575295D185A1A4B000E3226 /* 2-orange-bar-button.png in Resources */ = {isa = PBXBuildFile; fileRef = 65752953185A1A4B000E3226 /* 2-orange-bar-button.png */; };
		6575295E185A1A4B000E3226 /* 2-orange-bar-button@2x.png in Resources */ = {isa = PBXBuildFile; fileRef = 65752954185A1A4B000E3226 /* 2-orange-bar-button@2x.png */; };
		6575295F185A1A4B000E3226 /* 2-orange-menu-bar.png in Resources */ = {isa = PBXBuildFile; fileRef = 65752955185A1A4B000E3226 /* 2-orange-menu-bar.png */; };
		65752960185A1A4B000E3226 /* 2-orange-menu-bar@2x.png in Resources */ = {isa = PBXBuildFile; fileRef = 65752956185A1A4B000E3226 /* 2-orange-menu-bar@2x.png */; };
		65752961185A1A4B000E3226 /* 2-orange-settings-button.png in Resources */ = {isa = PBXBuildFile; fileRef = 65752957185A1A4B000E3226 /* 2-orange-settings-button.png */; };
		65752962185A1A4B000E3226 /* 2-orange-settings-button@2x.png in Resources */ = {isa = PBXBuildFile; fileRef = 65752958185A1A4B000E3226 /* 2-orange-settings-button@2x.png */; };
		65752964185A3930000E3226 /* EventKitUI.framework in Frameworks */ = {isa = PBXBuildFile; fileRef = 65752963185A3930000E3226 /* EventKitUI.framework */; };
		65752974185A4E92000E3226 /* 6-black-back-arrow.png in Resources */ = {isa = PBXBuildFile; fileRef = 65752966185A4E92000E3226 /* 6-black-back-arrow.png */; };
		65752975185A4E92000E3226 /* 6-black-back-arrow@2x.png in Resources */ = {isa = PBXBuildFile; fileRef = 65752967185A4E92000E3226 /* 6-black-back-arrow@2x.png */; };
		65752976185A4E92000E3226 /* 6-black-back-button.png in Resources */ = {isa = PBXBuildFile; fileRef = 65752968185A4E92000E3226 /* 6-black-back-button.png */; };
		65752977185A4E92000E3226 /* 6-black-back-button@2x.png in Resources */ = {isa = PBXBuildFile; fileRef = 65752969185A4E92000E3226 /* 6-black-back-button@2x.png */; };
		65752978185A4E92000E3226 /* 6-black-background.jpg in Resources */ = {isa = PBXBuildFile; fileRef = 6575296A185A4E92000E3226 /* 6-black-background.jpg */; };
		65752979185A4E92000E3226 /* 6-black-background@2x.jpg in Resources */ = {isa = PBXBuildFile; fileRef = 6575296B185A4E92000E3226 /* 6-black-background@2x.jpg */; };
		6575297A185A4E92000E3226 /* 6-black-forward-arrow.png in Resources */ = {isa = PBXBuildFile; fileRef = 6575296C185A4E92000E3226 /* 6-black-forward-arrow.png */; };
		6575297B185A4E92000E3226 /* 6-black-forward-arrow@2x.png in Resources */ = {isa = PBXBuildFile; fileRef = 6575296D185A4E92000E3226 /* 6-black-forward-arrow@2x.png */; };
		6575297C185A4E92000E3226 /* 6-black-menu-bar.png in Resources */ = {isa = PBXBuildFile; fileRef = 6575296E185A4E92000E3226 /* 6-black-menu-bar.png */; };
		6575297D185A4E92000E3226 /* 6-black-menu-bar@2x.png in Resources */ = {isa = PBXBuildFile; fileRef = 6575296F185A4E92000E3226 /* 6-black-menu-bar@2x.png */; };
		6575297E185A4E92000E3226 /* 6-black-navigation-bar.png in Resources */ = {isa = PBXBuildFile; fileRef = 65752970185A4E92000E3226 /* 6-black-navigation-bar.png */; };
		6575297F185A4E92000E3226 /* 6-black-navigation-bar@2x.png in Resources */ = {isa = PBXBuildFile; fileRef = 65752971185A4E92000E3226 /* 6-black-navigation-bar@2x.png */; };
		65752980185A4E92000E3226 /* 6-black-settings-button.png in Resources */ = {isa = PBXBuildFile; fileRef = 65752972185A4E92000E3226 /* 6-black-settings-button.png */; };
		65752981185A4E92000E3226 /* 6-black-settings-button@2x.png in Resources */ = {isa = PBXBuildFile; fileRef = 65752973185A4E92000E3226 /* 6-black-settings-button@2x.png */; };
		65752984185B356C000E3226 /* SWRevealViewController.m in Sources */ = {isa = PBXBuildFile; fileRef = 65752983185B356C000E3226 /* SWRevealViewController.m */; };
		65752994185B45CC000E3226 /* ECRearViewController.m in Sources */ = {isa = PBXBuildFile; fileRef = 65752993185B45CC000E3226 /* ECRearViewController.m */; };
		657529A6185B62CE000E3226 /* MapKit.framework in Frameworks */ = {isa = PBXBuildFile; fileRef = 657529A5185B62CE000E3226 /* MapKit.framework */; };
		657529B4185BA8B8000E3226 /* TSQCalendarCell.m in Sources */ = {isa = PBXBuildFile; fileRef = 657529AD185BA8B8000E3226 /* TSQCalendarCell.m */; };
		657529B5185BA8B8000E3226 /* TSQCalendarMonthHeaderCell.m in Sources */ = {isa = PBXBuildFile; fileRef = 657529AF185BA8B8000E3226 /* TSQCalendarMonthHeaderCell.m */; };
		657529B6185BA8B8000E3226 /* TSQCalendarRowCell.m in Sources */ = {isa = PBXBuildFile; fileRef = 657529B1185BA8B8000E3226 /* TSQCalendarRowCell.m */; };
		657529B7185BA8B8000E3226 /* TSQCalendarView.m in Sources */ = {isa = PBXBuildFile; fileRef = 657529B3185BA8B8000E3226 /* TSQCalendarView.m */; };
		657529BA185BA948000E3226 /* ECCalendarViewController.m in Sources */ = {isa = PBXBuildFile; fileRef = 657529B9185BA948000E3226 /* ECCalendarViewController.m */; };
		65B2F6961870D782004EFEB8 /* AFHTTPRequestOperation.m in Sources */ = {isa = PBXBuildFile; fileRef = 65B2F6741870D782004EFEB8 /* AFHTTPRequestOperation.m */; };
		65B2F6971870D782004EFEB8 /* AFHTTPRequestOperationManager.m in Sources */ = {isa = PBXBuildFile; fileRef = 65B2F6761870D782004EFEB8 /* AFHTTPRequestOperationManager.m */; };
		65B2F6981870D782004EFEB8 /* AFHTTPSessionManager.m in Sources */ = {isa = PBXBuildFile; fileRef = 65B2F6781870D782004EFEB8 /* AFHTTPSessionManager.m */; };
		65B2F6991870D782004EFEB8 /* AFNetworkReachabilityManager.m in Sources */ = {isa = PBXBuildFile; fileRef = 65B2F67B1870D782004EFEB8 /* AFNetworkReachabilityManager.m */; };
		65B2F69A1870D782004EFEB8 /* AFSecurityPolicy.m in Sources */ = {isa = PBXBuildFile; fileRef = 65B2F67D1870D782004EFEB8 /* AFSecurityPolicy.m */; };
		65B2F69B1870D782004EFEB8 /* AFURLConnectionOperation.m in Sources */ = {isa = PBXBuildFile; fileRef = 65B2F67F1870D782004EFEB8 /* AFURLConnectionOperation.m */; };
		65B2F69C1870D782004EFEB8 /* AFURLRequestSerialization.m in Sources */ = {isa = PBXBuildFile; fileRef = 65B2F6811870D782004EFEB8 /* AFURLRequestSerialization.m */; };
		65B2F69D1870D782004EFEB8 /* AFURLResponseSerialization.m in Sources */ = {isa = PBXBuildFile; fileRef = 65B2F6831870D782004EFEB8 /* AFURLResponseSerialization.m */; };
		65B2F69E1870D782004EFEB8 /* AFURLSessionManager.m in Sources */ = {isa = PBXBuildFile; fileRef = 65B2F6851870D782004EFEB8 /* AFURLSessionManager.m */; };
		65B2F69F1870D782004EFEB8 /* AFNetworkActivityIndicatorManager.m in Sources */ = {isa = PBXBuildFile; fileRef = 65B2F6881870D782004EFEB8 /* AFNetworkActivityIndicatorManager.m */; };
		65B2F6A01870D782004EFEB8 /* UIActivityIndicatorView+AFNetworking.m in Sources */ = {isa = PBXBuildFile; fileRef = 65B2F68A1870D782004EFEB8 /* UIActivityIndicatorView+AFNetworking.m */; };
		65B2F6A11870D782004EFEB8 /* UIAlertView+AFNetworking.m in Sources */ = {isa = PBXBuildFile; fileRef = 65B2F68C1870D782004EFEB8 /* UIAlertView+AFNetworking.m */; };
		65B2F6A21870D782004EFEB8 /* UIButton+AFNetworking.m in Sources */ = {isa = PBXBuildFile; fileRef = 65B2F68E1870D782004EFEB8 /* UIButton+AFNetworking.m */; };
		65B2F6A31870D782004EFEB8 /* UIImageView+AFNetworking.m in Sources */ = {isa = PBXBuildFile; fileRef = 65B2F6901870D782004EFEB8 /* UIImageView+AFNetworking.m */; };
		65B2F6A41870D782004EFEB8 /* UIProgressView+AFNetworking.m in Sources */ = {isa = PBXBuildFile; fileRef = 65B2F6931870D782004EFEB8 /* UIProgressView+AFNetworking.m */; };
		65B2F6A51870D782004EFEB8 /* UIWebView+AFNetworking.m in Sources */ = {isa = PBXBuildFile; fileRef = 65B2F6951870D782004EFEB8 /* UIWebView+AFNetworking.m */; };
		65CEEF461877BC7800ED71C6 /* ECCustomCell.m in Sources */ = {isa = PBXBuildFile; fileRef = 65CEEF451877BC7800ED71C6 /* ECCustomCell.m */; };
		65D2BF46186CAC1200A14918 /* ECTodayViewController.m in Sources */ = {isa = PBXBuildFile; fileRef = 65D2BF45186CAC1200A14918 /* ECTodayViewController.m */; };
		65D2BF4E186CBE8F00A14918 /* readme.txt in Resources */ = {isa = PBXBuildFile; fileRef = 65D2BF4B186CBE8F00A14918 /* readme.txt */; };
		65D2BF4F186CBE8F00A14918 /* tweed.png in Resources */ = {isa = PBXBuildFile; fileRef = 65D2BF4C186CBE8F00A14918 /* tweed.png */; };
		65D2BF50186CBE8F00A14918 /* tweed_@2X.png in Resources */ = {isa = PBXBuildFile; fileRef = 65D2BF4D186CBE8F00A14918 /* tweed_@2X.png */; };
		65D2BF52186CC25D00A14918 /* snow.jpg in Resources */ = {isa = PBXBuildFile; fileRef = 65D2BF51186CC25D00A14918 /* snow.jpg */; };
		65D2BF54186CD38700A14918 /* CoreLocation.framework in Frameworks */ = {isa = PBXBuildFile; fileRef = 65D2BF53186CD38700A14918 /* CoreLocation.framework */; };
		65F72777182BF2A30029176B /* Foundation.framework in Frameworks */ = {isa = PBXBuildFile; fileRef = 65F72776182BF2A30029176B /* Foundation.framework */; };
		65F72779182BF2A30029176B /* CoreGraphics.framework in Frameworks */ = {isa = PBXBuildFile; fileRef = 65F72778182BF2A30029176B /* CoreGraphics.framework */; };
		65F7277B182BF2A30029176B /* UIKit.framework in Frameworks */ = {isa = PBXBuildFile; fileRef = 65F7277A182BF2A30029176B /* UIKit.framework */; };
		65F72781182BF2A30029176B /* InfoPlist.strings in Resources */ = {isa = PBXBuildFile; fileRef = 65F7277F182BF2A30029176B /* InfoPlist.strings */; };
		65F72783182BF2A30029176B /* main.m in Sources */ = {isa = PBXBuildFile; fileRef = 65F72782182BF2A30029176B /* main.m */; };
		65F72787182BF2A30029176B /* ECAppDelegate.m in Sources */ = {isa = PBXBuildFile; fileRef = 65F72786182BF2A30029176B /* ECAppDelegate.m */; };
		65F7278A182BF2A30029176B /* Main.storyboard in Resources */ = {isa = PBXBuildFile; fileRef = 65F72788182BF2A30029176B /* Main.storyboard */; };
		65F7278D182BF2A30029176B /* ECViewController.m in Sources */ = {isa = PBXBuildFile; fileRef = 65F7278C182BF2A30029176B /* ECViewController.m */; };
		65F7278F182BF2A30029176B /* Images.xcassets in Resources */ = {isa = PBXBuildFile; fileRef = 65F7278E182BF2A30029176B /* Images.xcassets */; };
		65F72796182BF2A30029176B /* XCTest.framework in Frameworks */ = {isa = PBXBuildFile; fileRef = 65F72795182BF2A30029176B /* XCTest.framework */; };
		65F72797182BF2A30029176B /* Foundation.framework in Frameworks */ = {isa = PBXBuildFile; fileRef = 65F72776182BF2A30029176B /* Foundation.framework */; };
		65F72798182BF2A30029176B /* UIKit.framework in Frameworks */ = {isa = PBXBuildFile; fileRef = 65F7277A182BF2A30029176B /* UIKit.framework */; };
		65F727A0182BF2A30029176B /* InfoPlist.strings in Resources */ = {isa = PBXBuildFile; fileRef = 65F7279E182BF2A30029176B /* InfoPlist.strings */; };
		65F727A2182BF2A30029176B /* EZCalendarTests.m in Sources */ = {isa = PBXBuildFile; fileRef = 65F727A1182BF2A30029176B /* EZCalendarTests.m */; };
		65F727AC182BF2BD0029176B /* EventKit.framework in Frameworks */ = {isa = PBXBuildFile; fileRef = 65F727AB182BF2BD0029176B /* EventKit.framework */; };
		65F727AF182BFE050029176B /* ECEvent.m in Sources */ = {isa = PBXBuildFile; fileRef = 65F727AE182BFE050029176B /* ECEvent.m */; };
		65F727B1182C12170029176B /* QuartzCore.framework in Frameworks */ = {isa = PBXBuildFile; fileRef = 65F727B0182C12170029176B /* QuartzCore.framework */; };
		65F727B4182C22160029176B /* ECEventCell.m in Sources */ = {isa = PBXBuildFile; fileRef = 65F727B3182C22160029176B /* ECEventCell.m */; };
		65FA88BA184696EF00C8D5B3 /* ECCollectionViewFlowLayout.m in Sources */ = {isa = PBXBuildFile; fileRef = 65FA88B9184696EF00C8D5B3 /* ECCollectionViewFlowLayout.m */; };
		65FD470B184E343900EB2DD8 /* ECEventStore.m in Sources */ = {isa = PBXBuildFile; fileRef = 65FD470A184E343900EB2DD8 /* ECEventStore.m */; };
/* End PBXBuildFile section */

/* Begin PBXContainerItemProxy section */
		65F72799182BF2A30029176B /* PBXContainerItemProxy */ = {
			isa = PBXContainerItemProxy;
			containerPortal = 65F7276B182BF2A30029176B /* Project object */;
			proxyType = 1;
			remoteGlobalIDString = 65F72772182BF2A30029176B;
			remoteInfo = EZCalendar;
		};
/* End PBXContainerItemProxy section */

/* Begin PBXFileReference section */
		6501AA81184AC3FB005BB8E7 /* StackedGridLayout.h */ = {isa = PBXFileReference; fileEncoding = 4; lastKnownFileType = sourcecode.c.h; path = StackedGridLayout.h; sourceTree = "<group>"; };
		6501AA82184AC3FB005BB8E7 /* StackedGridLayout.m */ = {isa = PBXFileReference; fileEncoding = 4; lastKnownFileType = sourcecode.c.objc; path = StackedGridLayout.m; sourceTree = "<group>"; };
		6501AA83184AC3FB005BB8E7 /* StackedGridLayoutSection.h */ = {isa = PBXFileReference; fileEncoding = 4; lastKnownFileType = sourcecode.c.h; path = StackedGridLayoutSection.h; sourceTree = "<group>"; };
		6501AA84184AC3FB005BB8E7 /* StackedGridLayoutSection.m */ = {isa = PBXFileReference; fileEncoding = 4; lastKnownFileType = sourcecode.c.objc; path = StackedGridLayoutSection.m; sourceTree = "<group>"; };
		650A807D186DE9C7008B13FB /* ECWeather.h */ = {isa = PBXFileReference; fileEncoding = 4; lastKnownFileType = sourcecode.c.h; path = ECWeather.h; sourceTree = "<group>"; };
		650A807E186DE9C7008B13FB /* ECWeather.m */ = {isa = PBXFileReference; fileEncoding = 4; lastKnownFileType = sourcecode.c.objc; path = ECWeather.m; sourceTree = "<group>"; };
		650C4A68182D9DF00061FA62 /* ECEventViewController.h */ = {isa = PBXFileReference; fileEncoding = 4; lastKnownFileType = sourcecode.c.h; path = ECEventViewController.h; sourceTree = "<group>"; };
		650C4A69182D9DF00061FA62 /* ECEventViewController.m */ = {isa = PBXFileReference; fileEncoding = 4; lastKnownFileType = sourcecode.c.objc; path = ECEventViewController.m; sourceTree = "<group>"; };
		650C4A6A182D9DF00061FA62 /* ECEventViewController.xib */ = {isa = PBXFileReference; fileEncoding = 4; lastKnownFileType = file.xib; path = ECEventViewController.xib; sourceTree = "<group>"; };
		650C4A6D182EC6300061FA62 /* ECHeaderView.h */ = {isa = PBXFileReference; fileEncoding = 4; lastKnownFileType = sourcecode.c.h; path = ECHeaderView.h; sourceTree = "<group>"; };
		650C4A6E182EC6300061FA62 /* ECHeaderView.m */ = {isa = PBXFileReference; fileEncoding = 4; lastKnownFileType = sourcecode.c.objc; path = ECHeaderView.m; sourceTree = "<group>"; };
		650C4A71182EC92F0061FA62 /* bg_cork.png */ = {isa = PBXFileReference; lastKnownFileType = image.png; path = bg_cork.png; sourceTree = "<group>"; };
		650C4A72182EC92F0061FA62 /* bg_cork@2x.png */ = {isa = PBXFileReference; lastKnownFileType = image.png; path = "bg_cork@2x.png"; sourceTree = "<group>"; };
		650C4A73182EC92F0061FA62 /* button.png */ = {isa = PBXFileReference; lastKnownFileType = image.png; path = button.png; sourceTree = "<group>"; };
		650C4A74182EC92F0061FA62 /* button@2x.png */ = {isa = PBXFileReference; lastKnownFileType = image.png; path = "button@2x.png"; sourceTree = "<group>"; };
		650C4A75182EC92F0061FA62 /* decoration_snail.png */ = {isa = PBXFileReference; lastKnownFileType = image.png; path = decoration_snail.png; sourceTree = "<group>"; };
		650C4A76182EC92F0061FA62 /* decoration_snail@2x.png */ = {isa = PBXFileReference; lastKnownFileType = image.png; path = "decoration_snail@2x.png"; sourceTree = "<group>"; };
		650C4A77182EC92F0061FA62 /* divider_bar.png */ = {isa = PBXFileReference; lastKnownFileType = image.png; path = divider_bar.png; sourceTree = "<group>"; };
		650C4A78182EC92F0061FA62 /* divider_bar@2x.png */ = {isa = PBXFileReference; lastKnownFileType = image.png; path = "divider_bar@2x.png"; sourceTree = "<group>"; };
		650C4A79182EC92F0061FA62 /* header_bg.png */ = {isa = PBXFileReference; lastKnownFileType = image.png; path = header_bg.png; sourceTree = "<group>"; };
		650C4A7A182EC92F0061FA62 /* header_bg@2x.png */ = {isa = PBXFileReference; lastKnownFileType = image.png; path = "header_bg@2x.png"; sourceTree = "<group>"; };
		650C4A7B182EC92F0061FA62 /* navbar.png */ = {isa = PBXFileReference; lastKnownFileType = image.png; path = navbar.png; sourceTree = "<group>"; };
		650C4A7C182EC92F0061FA62 /* navbar@2x.png */ = {isa = PBXFileReference; lastKnownFileType = image.png; path = "navbar@2x.png"; sourceTree = "<group>"; };
		650C4A7D182EC92F0061FA62 /* polaroid1_border.png */ = {isa = PBXFileReference; lastKnownFileType = image.png; path = polaroid1_border.png; sourceTree = "<group>"; };
		650C4A7E182EC92F0061FA62 /* polaroid1_border@2x.png */ = {isa = PBXFileReference; lastKnownFileType = image.png; path = "polaroid1_border@2x.png"; sourceTree = "<group>"; };
		650C4A7F182EC92F0061FA62 /* pushpin.png */ = {isa = PBXFileReference; lastKnownFileType = image.png; path = pushpin.png; sourceTree = "<group>"; };
		650C4A80182EC92F0061FA62 /* pushpin@2x.png */ = {isa = PBXFileReference; lastKnownFileType = image.png; path = "pushpin@2x.png"; sourceTree = "<group>"; };
		650C4A81182EC92F0061FA62 /* search_field.png */ = {isa = PBXFileReference; lastKnownFileType = image.png; path = search_field.png; sourceTree = "<group>"; };
		650C4A82182EC92F0061FA62 /* search_field@2x.png */ = {isa = PBXFileReference; lastKnownFileType = image.png; path = "search_field@2x.png"; sourceTree = "<group>"; };
		650C4A83182EC92F0061FA62 /* search_text.png */ = {isa = PBXFileReference; lastKnownFileType = image.png; path = search_text.png; sourceTree = "<group>"; };
		650C4A84182EC92F0061FA62 /* search_text@2x.png */ = {isa = PBXFileReference; lastKnownFileType = image.png; path = "search_text@2x.png"; sourceTree = "<group>"; };
		650C4A9C183002D50061FA62 /* ECAddEventViewController.h */ = {isa = PBXFileReference; fileEncoding = 4; lastKnownFileType = sourcecode.c.h; path = ECAddEventViewController.h; sourceTree = "<group>"; };
		650C4A9D183002D50061FA62 /* ECAddEventViewController.m */ = {isa = PBXFileReference; fileEncoding = 4; lastKnownFileType = sourcecode.c.objc; path = ECAddEventViewController.m; sourceTree = "<group>"; };
		6575294F185A1A4B000E3226 /* 2-orange-back-button.png */ = {isa = PBXFileReference; lastKnownFileType = image.png; path = "2-orange-back-button.png"; sourceTree = "<group>"; };
		65752950185A1A4B000E3226 /* 2-orange-back-button@2x.png */ = {isa = PBXFileReference; lastKnownFileType = image.png; path = "2-orange-back-button@2x.png"; sourceTree = "<group>"; };
		65752951185A1A4B000E3226 /* 2-orange-background.jpg */ = {isa = PBXFileReference; lastKnownFileType = image.jpeg; path = "2-orange-background.jpg"; sourceTree = "<group>"; };
		65752952185A1A4B000E3226 /* 2-orange-background@2x.jpg */ = {isa = PBXFileReference; lastKnownFileType = image.jpeg; path = "2-orange-background@2x.jpg"; sourceTree = "<group>"; };
		65752953185A1A4B000E3226 /* 2-orange-bar-button.png */ = {isa = PBXFileReference; lastKnownFileType = image.png; path = "2-orange-bar-button.png"; sourceTree = "<group>"; };
		65752954185A1A4B000E3226 /* 2-orange-bar-button@2x.png */ = {isa = PBXFileReference; lastKnownFileType = image.png; path = "2-orange-bar-button@2x.png"; sourceTree = "<group>"; };
		65752955185A1A4B000E3226 /* 2-orange-menu-bar.png */ = {isa = PBXFileReference; lastKnownFileType = image.png; path = "2-orange-menu-bar.png"; sourceTree = "<group>"; };
		65752956185A1A4B000E3226 /* 2-orange-menu-bar@2x.png */ = {isa = PBXFileReference; lastKnownFileType = image.png; path = "2-orange-menu-bar@2x.png"; sourceTree = "<group>"; };
		65752957185A1A4B000E3226 /* 2-orange-settings-button.png */ = {isa = PBXFileReference; lastKnownFileType = image.png; path = "2-orange-settings-button.png"; sourceTree = "<group>"; };
		65752958185A1A4B000E3226 /* 2-orange-settings-button@2x.png */ = {isa = PBXFileReference; lastKnownFileType = image.png; path = "2-orange-settings-button@2x.png"; sourceTree = "<group>"; };
		65752963185A3930000E3226 /* EventKitUI.framework */ = {isa = PBXFileReference; lastKnownFileType = wrapper.framework; name = EventKitUI.framework; path = System/Library/Frameworks/EventKitUI.framework; sourceTree = SDKROOT; };
		65752966185A4E92000E3226 /* 6-black-back-arrow.png */ = {isa = PBXFileReference; lastKnownFileType = image.png; path = "6-black-back-arrow.png"; sourceTree = "<group>"; };
		65752967185A4E92000E3226 /* 6-black-back-arrow@2x.png */ = {isa = PBXFileReference; lastKnownFileType = image.png; path = "6-black-back-arrow@2x.png"; sourceTree = "<group>"; };
		65752968185A4E92000E3226 /* 6-black-back-button.png */ = {isa = PBXFileReference; lastKnownFileType = image.png; path = "6-black-back-button.png"; sourceTree = "<group>"; };
		65752969185A4E92000E3226 /* 6-black-back-button@2x.png */ = {isa = PBXFileReference; lastKnownFileType = image.png; path = "6-black-back-button@2x.png"; sourceTree = "<group>"; };
		6575296A185A4E92000E3226 /* 6-black-background.jpg */ = {isa = PBXFileReference; lastKnownFileType = image.jpeg; path = "6-black-background.jpg"; sourceTree = "<group>"; };
		6575296B185A4E92000E3226 /* 6-black-background@2x.jpg */ = {isa = PBXFileReference; lastKnownFileType = image.jpeg; path = "6-black-background@2x.jpg"; sourceTree = "<group>"; };
		6575296C185A4E92000E3226 /* 6-black-forward-arrow.png */ = {isa = PBXFileReference; lastKnownFileType = image.png; path = "6-black-forward-arrow.png"; sourceTree = "<group>"; };
		6575296D185A4E92000E3226 /* 6-black-forward-arrow@2x.png */ = {isa = PBXFileReference; lastKnownFileType = image.png; path = "6-black-forward-arrow@2x.png"; sourceTree = "<group>"; };
		6575296E185A4E92000E3226 /* 6-black-menu-bar.png */ = {isa = PBXFileReference; lastKnownFileType = image.png; path = "6-black-menu-bar.png"; sourceTree = "<group>"; };
		6575296F185A4E92000E3226 /* 6-black-menu-bar@2x.png */ = {isa = PBXFileReference; lastKnownFileType = image.png; path = "6-black-menu-bar@2x.png"; sourceTree = "<group>"; };
		65752970185A4E92000E3226 /* 6-black-navigation-bar.png */ = {isa = PBXFileReference; lastKnownFileType = image.png; path = "6-black-navigation-bar.png"; sourceTree = "<group>"; };
		65752971185A4E92000E3226 /* 6-black-navigation-bar@2x.png */ = {isa = PBXFileReference; lastKnownFileType = image.png; path = "6-black-navigation-bar@2x.png"; sourceTree = "<group>"; };
		65752972185A4E92000E3226 /* 6-black-settings-button.png */ = {isa = PBXFileReference; lastKnownFileType = image.png; path = "6-black-settings-button.png"; sourceTree = "<group>"; };
		65752973185A4E92000E3226 /* 6-black-settings-button@2x.png */ = {isa = PBXFileReference; lastKnownFileType = image.png; path = "6-black-settings-button@2x.png"; sourceTree = "<group>"; };
		65752982185B356C000E3226 /* SWRevealViewController.h */ = {isa = PBXFileReference; fileEncoding = 4; lastKnownFileType = sourcecode.c.h; path = SWRevealViewController.h; sourceTree = "<group>"; };
		65752983185B356C000E3226 /* SWRevealViewController.m */ = {isa = PBXFileReference; fileEncoding = 4; lastKnownFileType = sourcecode.c.objc; path = SWRevealViewController.m; sourceTree = "<group>"; };
		65752992185B45CC000E3226 /* ECRearViewController.h */ = {isa = PBXFileReference; fileEncoding = 4; lastKnownFileType = sourcecode.c.h; path = ECRearViewController.h; sourceTree = "<group>"; };
		65752993185B45CC000E3226 /* ECRearViewController.m */ = {isa = PBXFileReference; fileEncoding = 4; lastKnownFileType = sourcecode.c.objc; path = ECRearViewController.m; sourceTree = "<group>"; };
		657529A5185B62CE000E3226 /* MapKit.framework */ = {isa = PBXFileReference; lastKnownFileType = wrapper.framework; name = MapKit.framework; path = System/Library/Frameworks/MapKit.framework; sourceTree = SDKROOT; };
		657529A7185B642A000E3226 /* TapkuLibrary_Prefix.pch */ = {isa = PBXFileReference; lastKnownFileType = sourcecode.c.h; path = TapkuLibrary_Prefix.pch; sourceTree = "<group>"; };
		657529AA185BA8B8000E3226 /* TimesSquare-Prefix.pch */ = {isa = PBXFileReference; fileEncoding = 4; lastKnownFileType = sourcecode.c.h; path = "TimesSquare-Prefix.pch"; sourceTree = "<group>"; };
		657529AB185BA8B8000E3226 /* TimesSquare.h */ = {isa = PBXFileReference; fileEncoding = 4; lastKnownFileType = sourcecode.c.h; path = TimesSquare.h; sourceTree = "<group>"; };
		657529AC185BA8B8000E3226 /* TSQCalendarCell.h */ = {isa = PBXFileReference; fileEncoding = 4; lastKnownFileType = sourcecode.c.h; path = TSQCalendarCell.h; sourceTree = "<group>"; };
		657529AD185BA8B8000E3226 /* TSQCalendarCell.m */ = {isa = PBXFileReference; fileEncoding = 4; lastKnownFileType = sourcecode.c.objc; path = TSQCalendarCell.m; sourceTree = "<group>"; };
		657529AE185BA8B8000E3226 /* TSQCalendarMonthHeaderCell.h */ = {isa = PBXFileReference; fileEncoding = 4; lastKnownFileType = sourcecode.c.h; path = TSQCalendarMonthHeaderCell.h; sourceTree = "<group>"; };
		657529AF185BA8B8000E3226 /* TSQCalendarMonthHeaderCell.m */ = {isa = PBXFileReference; fileEncoding = 4; lastKnownFileType = sourcecode.c.objc; path = TSQCalendarMonthHeaderCell.m; sourceTree = "<group>"; };
		657529B0185BA8B8000E3226 /* TSQCalendarRowCell.h */ = {isa = PBXFileReference; fileEncoding = 4; lastKnownFileType = sourcecode.c.h; path = TSQCalendarRowCell.h; sourceTree = "<group>"; };
		657529B1185BA8B8000E3226 /* TSQCalendarRowCell.m */ = {isa = PBXFileReference; fileEncoding = 4; lastKnownFileType = sourcecode.c.objc; path = TSQCalendarRowCell.m; sourceTree = "<group>"; };
		657529B2185BA8B8000E3226 /* TSQCalendarView.h */ = {isa = PBXFileReference; fileEncoding = 4; lastKnownFileType = sourcecode.c.h; path = TSQCalendarView.h; sourceTree = "<group>"; };
		657529B3185BA8B8000E3226 /* TSQCalendarView.m */ = {isa = PBXFileReference; fileEncoding = 4; lastKnownFileType = sourcecode.c.objc; path = TSQCalendarView.m; sourceTree = "<group>"; };
		657529B8185BA948000E3226 /* ECCalendarViewController.h */ = {isa = PBXFileReference; fileEncoding = 4; lastKnownFileType = sourcecode.c.h; path = ECCalendarViewController.h; sourceTree = "<group>"; };
		657529B9185BA948000E3226 /* ECCalendarViewController.m */ = {isa = PBXFileReference; fileEncoding = 4; lastKnownFileType = sourcecode.c.objc; path = ECCalendarViewController.m; sourceTree = "<group>"; xcLanguageSpecificationIdentifier = xcode.lang.objc; };
		65B2F6731870D782004EFEB8 /* AFHTTPRequestOperation.h */ = {isa = PBXFileReference; fileEncoding = 4; lastKnownFileType = sourcecode.c.h; path = AFHTTPRequestOperation.h; sourceTree = "<group>"; };
		65B2F6741870D782004EFEB8 /* AFHTTPRequestOperation.m */ = {isa = PBXFileReference; fileEncoding = 4; lastKnownFileType = sourcecode.c.objc; path = AFHTTPRequestOperation.m; sourceTree = "<group>"; };
		65B2F6751870D782004EFEB8 /* AFHTTPRequestOperationManager.h */ = {isa = PBXFileReference; fileEncoding = 4; lastKnownFileType = sourcecode.c.h; path = AFHTTPRequestOperationManager.h; sourceTree = "<group>"; };
		65B2F6761870D782004EFEB8 /* AFHTTPRequestOperationManager.m */ = {isa = PBXFileReference; fileEncoding = 4; lastKnownFileType = sourcecode.c.objc; path = AFHTTPRequestOperationManager.m; sourceTree = "<group>"; };
		65B2F6771870D782004EFEB8 /* AFHTTPSessionManager.h */ = {isa = PBXFileReference; fileEncoding = 4; lastKnownFileType = sourcecode.c.h; path = AFHTTPSessionManager.h; sourceTree = "<group>"; };
		65B2F6781870D782004EFEB8 /* AFHTTPSessionManager.m */ = {isa = PBXFileReference; fileEncoding = 4; lastKnownFileType = sourcecode.c.objc; path = AFHTTPSessionManager.m; sourceTree = "<group>"; };
		65B2F6791870D782004EFEB8 /* AFNetworking.h */ = {isa = PBXFileReference; fileEncoding = 4; lastKnownFileType = sourcecode.c.h; path = AFNetworking.h; sourceTree = "<group>"; };
		65B2F67A1870D782004EFEB8 /* AFNetworkReachabilityManager.h */ = {isa = PBXFileReference; fileEncoding = 4; lastKnownFileType = sourcecode.c.h; path = AFNetworkReachabilityManager.h; sourceTree = "<group>"; };
		65B2F67B1870D782004EFEB8 /* AFNetworkReachabilityManager.m */ = {isa = PBXFileReference; fileEncoding = 4; lastKnownFileType = sourcecode.c.objc; path = AFNetworkReachabilityManager.m; sourceTree = "<group>"; };
		65B2F67C1870D782004EFEB8 /* AFSecurityPolicy.h */ = {isa = PBXFileReference; fileEncoding = 4; lastKnownFileType = sourcecode.c.h; path = AFSecurityPolicy.h; sourceTree = "<group>"; };
		65B2F67D1870D782004EFEB8 /* AFSecurityPolicy.m */ = {isa = PBXFileReference; fileEncoding = 4; lastKnownFileType = sourcecode.c.objc; path = AFSecurityPolicy.m; sourceTree = "<group>"; };
		65B2F67E1870D782004EFEB8 /* AFURLConnectionOperation.h */ = {isa = PBXFileReference; fileEncoding = 4; lastKnownFileType = sourcecode.c.h; path = AFURLConnectionOperation.h; sourceTree = "<group>"; };
		65B2F67F1870D782004EFEB8 /* AFURLConnectionOperation.m */ = {isa = PBXFileReference; fileEncoding = 4; lastKnownFileType = sourcecode.c.objc; path = AFURLConnectionOperation.m; sourceTree = "<group>"; };
		65B2F6801870D782004EFEB8 /* AFURLRequestSerialization.h */ = {isa = PBXFileReference; fileEncoding = 4; lastKnownFileType = sourcecode.c.h; path = AFURLRequestSerialization.h; sourceTree = "<group>"; };
		65B2F6811870D782004EFEB8 /* AFURLRequestSerialization.m */ = {isa = PBXFileReference; fileEncoding = 4; lastKnownFileType = sourcecode.c.objc; path = AFURLRequestSerialization.m; sourceTree = "<group>"; };
		65B2F6821870D782004EFEB8 /* AFURLResponseSerialization.h */ = {isa = PBXFileReference; fileEncoding = 4; lastKnownFileType = sourcecode.c.h; path = AFURLResponseSerialization.h; sourceTree = "<group>"; };
		65B2F6831870D782004EFEB8 /* AFURLResponseSerialization.m */ = {isa = PBXFileReference; fileEncoding = 4; lastKnownFileType = sourcecode.c.objc; path = AFURLResponseSerialization.m; sourceTree = "<group>"; };
		65B2F6841870D782004EFEB8 /* AFURLSessionManager.h */ = {isa = PBXFileReference; fileEncoding = 4; lastKnownFileType = sourcecode.c.h; path = AFURLSessionManager.h; sourceTree = "<group>"; };
		65B2F6851870D782004EFEB8 /* AFURLSessionManager.m */ = {isa = PBXFileReference; fileEncoding = 4; lastKnownFileType = sourcecode.c.objc; path = AFURLSessionManager.m; sourceTree = "<group>"; };
		65B2F6871870D782004EFEB8 /* AFNetworkActivityIndicatorManager.h */ = {isa = PBXFileReference; fileEncoding = 4; lastKnownFileType = sourcecode.c.h; path = AFNetworkActivityIndicatorManager.h; sourceTree = "<group>"; };
		65B2F6881870D782004EFEB8 /* AFNetworkActivityIndicatorManager.m */ = {isa = PBXFileReference; fileEncoding = 4; lastKnownFileType = sourcecode.c.objc; path = AFNetworkActivityIndicatorManager.m; sourceTree = "<group>"; };
		65B2F6891870D782004EFEB8 /* UIActivityIndicatorView+AFNetworking.h */ = {isa = PBXFileReference; fileEncoding = 4; lastKnownFileType = sourcecode.c.h; path = "UIActivityIndicatorView+AFNetworking.h"; sourceTree = "<group>"; };
		65B2F68A1870D782004EFEB8 /* UIActivityIndicatorView+AFNetworking.m */ = {isa = PBXFileReference; fileEncoding = 4; lastKnownFileType = sourcecode.c.objc; path = "UIActivityIndicatorView+AFNetworking.m"; sourceTree = "<group>"; };
		65B2F68B1870D782004EFEB8 /* UIAlertView+AFNetworking.h */ = {isa = PBXFileReference; fileEncoding = 4; lastKnownFileType = sourcecode.c.h; path = "UIAlertView+AFNetworking.h"; sourceTree = "<group>"; };
		65B2F68C1870D782004EFEB8 /* UIAlertView+AFNetworking.m */ = {isa = PBXFileReference; fileEncoding = 4; lastKnownFileType = sourcecode.c.objc; path = "UIAlertView+AFNetworking.m"; sourceTree = "<group>"; };
		65B2F68D1870D782004EFEB8 /* UIButton+AFNetworking.h */ = {isa = PBXFileReference; fileEncoding = 4; lastKnownFileType = sourcecode.c.h; path = "UIButton+AFNetworking.h"; sourceTree = "<group>"; };
		65B2F68E1870D782004EFEB8 /* UIButton+AFNetworking.m */ = {isa = PBXFileReference; fileEncoding = 4; lastKnownFileType = sourcecode.c.objc; path = "UIButton+AFNetworking.m"; sourceTree = "<group>"; };
		65B2F68F1870D782004EFEB8 /* UIImageView+AFNetworking.h */ = {isa = PBXFileReference; fileEncoding = 4; lastKnownFileType = sourcecode.c.h; path = "UIImageView+AFNetworking.h"; sourceTree = "<group>"; };
		65B2F6901870D782004EFEB8 /* UIImageView+AFNetworking.m */ = {isa = PBXFileReference; fileEncoding = 4; lastKnownFileType = sourcecode.c.objc; path = "UIImageView+AFNetworking.m"; sourceTree = "<group>"; };
		65B2F6911870D782004EFEB8 /* UIKit+AFNetworking.h */ = {isa = PBXFileReference; fileEncoding = 4; lastKnownFileType = sourcecode.c.h; path = "UIKit+AFNetworking.h"; sourceTree = "<group>"; };
		65B2F6921870D782004EFEB8 /* UIProgressView+AFNetworking.h */ = {isa = PBXFileReference; fileEncoding = 4; lastKnownFileType = sourcecode.c.h; path = "UIProgressView+AFNetworking.h"; sourceTree = "<group>"; };
		65B2F6931870D782004EFEB8 /* UIProgressView+AFNetworking.m */ = {isa = PBXFileReference; fileEncoding = 4; lastKnownFileType = sourcecode.c.objc; path = "UIProgressView+AFNetworking.m"; sourceTree = "<group>"; };
		65B2F6941870D782004EFEB8 /* UIWebView+AFNetworking.h */ = {isa = PBXFileReference; fileEncoding = 4; lastKnownFileType = sourcecode.c.h; path = "UIWebView+AFNetworking.h"; sourceTree = "<group>"; };
		65B2F6951870D782004EFEB8 /* UIWebView+AFNetworking.m */ = {isa = PBXFileReference; fileEncoding = 4; lastKnownFileType = sourcecode.c.objc; path = "UIWebView+AFNetworking.m"; sourceTree = "<group>"; };
		65CEEF441877BC7800ED71C6 /* ECCustomCell.h */ = {isa = PBXFileReference; fileEncoding = 4; lastKnownFileType = sourcecode.c.h; path = ECCustomCell.h; sourceTree = "<group>"; };
		65CEEF451877BC7800ED71C6 /* ECCustomCell.m */ = {isa = PBXFileReference; fileEncoding = 4; lastKnownFileType = sourcecode.c.objc; path = ECCustomCell.m; sourceTree = "<group>"; };
		65D2BF44186CAC1200A14918 /* ECTodayViewController.h */ = {isa = PBXFileReference; fileEncoding = 4; lastKnownFileType = sourcecode.c.h; path = ECTodayViewController.h; sourceTree = "<group>"; };
		65D2BF45186CAC1200A14918 /* ECTodayViewController.m */ = {isa = PBXFileReference; fileEncoding = 4; lastKnownFileType = sourcecode.c.objc; path = ECTodayViewController.m; sourceTree = "<group>"; };
		65D2BF4B186CBE8F00A14918 /* readme.txt */ = {isa = PBXFileReference; fileEncoding = 4; lastKnownFileType = text; path = readme.txt; sourceTree = "<group>"; };
		65D2BF4C186CBE8F00A14918 /* tweed.png */ = {isa = PBXFileReference; lastKnownFileType = image.png; path = tweed.png; sourceTree = "<group>"; };
		65D2BF4D186CBE8F00A14918 /* tweed_@2X.png */ = {isa = PBXFileReference; lastKnownFileType = image.png; path = "tweed_@2X.png"; sourceTree = "<group>"; };
		65D2BF51186CC25D00A14918 /* snow.jpg */ = {isa = PBXFileReference; lastKnownFileType = image.jpeg; path = snow.jpg; sourceTree = "<group>"; };
		65D2BF53186CD38700A14918 /* CoreLocation.framework */ = {isa = PBXFileReference; lastKnownFileType = wrapper.framework; name = CoreLocation.framework; path = System/Library/Frameworks/CoreLocation.framework; sourceTree = SDKROOT; };
		65F72773182BF2A30029176B /* EZCalendar.app */ = {isa = PBXFileReference; explicitFileType = wrapper.application; includeInIndex = 0; path = EZCalendar.app; sourceTree = BUILT_PRODUCTS_DIR; };
		65F72776182BF2A30029176B /* Foundation.framework */ = {isa = PBXFileReference; lastKnownFileType = wrapper.framework; name = Foundation.framework; path = System/Library/Frameworks/Foundation.framework; sourceTree = SDKROOT; };
		65F72778182BF2A30029176B /* CoreGraphics.framework */ = {isa = PBXFileReference; lastKnownFileType = wrapper.framework; name = CoreGraphics.framework; path = System/Library/Frameworks/CoreGraphics.framework; sourceTree = SDKROOT; };
		65F7277A182BF2A30029176B /* UIKit.framework */ = {isa = PBXFileReference; lastKnownFileType = wrapper.framework; name = UIKit.framework; path = System/Library/Frameworks/UIKit.framework; sourceTree = SDKROOT; };
		65F7277E182BF2A30029176B /* EZCalendar-Info.plist */ = {isa = PBXFileReference; lastKnownFileType = text.plist.xml; path = "EZCalendar-Info.plist"; sourceTree = "<group>"; };
		65F72780182BF2A30029176B /* en */ = {isa = PBXFileReference; lastKnownFileType = text.plist.strings; name = en; path = en.lproj/InfoPlist.strings; sourceTree = "<group>"; };
		65F72782182BF2A30029176B /* main.m */ = {isa = PBXFileReference; lastKnownFileType = sourcecode.c.objc; path = main.m; sourceTree = "<group>"; };
		65F72784182BF2A30029176B /* EZCalendar-Prefix.pch */ = {isa = PBXFileReference; lastKnownFileType = sourcecode.c.h; path = "EZCalendar-Prefix.pch"; sourceTree = "<group>"; };
		65F72785182BF2A30029176B /* ECAppDelegate.h */ = {isa = PBXFileReference; lastKnownFileType = sourcecode.c.h; path = ECAppDelegate.h; sourceTree = "<group>"; };
		65F72786182BF2A30029176B /* ECAppDelegate.m */ = {isa = PBXFileReference; lastKnownFileType = sourcecode.c.objc; path = ECAppDelegate.m; sourceTree = "<group>"; };
		65F72789182BF2A30029176B /* Base */ = {isa = PBXFileReference; lastKnownFileType = file.storyboard; name = Base; path = Base.lproj/Main.storyboard; sourceTree = "<group>"; };
		65F7278B182BF2A30029176B /* ECViewController.h */ = {isa = PBXFileReference; lastKnownFileType = sourcecode.c.h; path = ECViewController.h; sourceTree = "<group>"; };
		65F7278C182BF2A30029176B /* ECViewController.m */ = {isa = PBXFileReference; lastKnownFileType = sourcecode.c.objc; path = ECViewController.m; sourceTree = "<group>"; };
		65F7278E182BF2A30029176B /* Images.xcassets */ = {isa = PBXFileReference; lastKnownFileType = folder.assetcatalog; path = Images.xcassets; sourceTree = "<group>"; };
		65F72794182BF2A30029176B /* EZCalendarTests.xctest */ = {isa = PBXFileReference; explicitFileType = wrapper.cfbundle; includeInIndex = 0; path = EZCalendarTests.xctest; sourceTree = BUILT_PRODUCTS_DIR; };
		65F72795182BF2A30029176B /* XCTest.framework */ = {isa = PBXFileReference; lastKnownFileType = wrapper.framework; name = XCTest.framework; path = Library/Frameworks/XCTest.framework; sourceTree = DEVELOPER_DIR; };
		65F7279D182BF2A30029176B /* EZCalendarTests-Info.plist */ = {isa = PBXFileReference; lastKnownFileType = text.plist.xml; path = "EZCalendarTests-Info.plist"; sourceTree = "<group>"; };
		65F7279F182BF2A30029176B /* en */ = {isa = PBXFileReference; lastKnownFileType = text.plist.strings; name = en; path = en.lproj/InfoPlist.strings; sourceTree = "<group>"; };
		65F727A1182BF2A30029176B /* EZCalendarTests.m */ = {isa = PBXFileReference; lastKnownFileType = sourcecode.c.objc; path = EZCalendarTests.m; sourceTree = "<group>"; };
		65F727AB182BF2BD0029176B /* EventKit.framework */ = {isa = PBXFileReference; lastKnownFileType = wrapper.framework; name = EventKit.framework; path = System/Library/Frameworks/EventKit.framework; sourceTree = SDKROOT; };
		65F727AD182BFE050029176B /* ECEvent.h */ = {isa = PBXFileReference; fileEncoding = 4; lastKnownFileType = sourcecode.c.h; path = ECEvent.h; sourceTree = "<group>"; };
		65F727AE182BFE050029176B /* ECEvent.m */ = {isa = PBXFileReference; fileEncoding = 4; lastKnownFileType = sourcecode.c.objc; path = ECEvent.m; sourceTree = "<group>"; };
		65F727B0182C12170029176B /* QuartzCore.framework */ = {isa = PBXFileReference; lastKnownFileType = wrapper.framework; name = QuartzCore.framework; path = System/Library/Frameworks/QuartzCore.framework; sourceTree = SDKROOT; };
		65F727B2182C22160029176B /* ECEventCell.h */ = {isa = PBXFileReference; fileEncoding = 4; lastKnownFileType = sourcecode.c.h; path = ECEventCell.h; sourceTree = "<group>"; };
		65F727B3182C22160029176B /* ECEventCell.m */ = {isa = PBXFileReference; fileEncoding = 4; lastKnownFileType = sourcecode.c.objc; path = ECEventCell.m; sourceTree = "<group>"; };
		65FA88B8184696EF00C8D5B3 /* ECCollectionViewFlowLayout.h */ = {isa = PBXFileReference; fileEncoding = 4; lastKnownFileType = sourcecode.c.h; path = ECCollectionViewFlowLayout.h; sourceTree = "<group>"; };
		65FA88B9184696EF00C8D5B3 /* ECCollectionViewFlowLayout.m */ = {isa = PBXFileReference; fileEncoding = 4; lastKnownFileType = sourcecode.c.objc; path = ECCollectionViewFlowLayout.m; sourceTree = "<group>"; };
		65FD4709184E343900EB2DD8 /* ECEventStore.h */ = {isa = PBXFileReference; fileEncoding = 4; lastKnownFileType = sourcecode.c.h; path = ECEventStore.h; sourceTree = "<group>"; };
		65FD470A184E343900EB2DD8 /* ECEventStore.m */ = {isa = PBXFileReference; fileEncoding = 4; lastKnownFileType = sourcecode.c.objc; path = ECEventStore.m; sourceTree = "<group>"; };
/* End PBXFileReference section */

/* Begin PBXFrameworksBuildPhase section */
		65F72770182BF2A30029176B /* Frameworks */ = {
			isa = PBXFrameworksBuildPhase;
			buildActionMask = 2147483647;
			files = (
				65D2BF54186CD38700A14918 /* CoreLocation.framework in Frameworks */,
				657529A6185B62CE000E3226 /* MapKit.framework in Frameworks */,
				65752964185A3930000E3226 /* EventKitUI.framework in Frameworks */,
				65F727B1182C12170029176B /* QuartzCore.framework in Frameworks */,
				65F727AC182BF2BD0029176B /* EventKit.framework in Frameworks */,
				65F72779182BF2A30029176B /* CoreGraphics.framework in Frameworks */,
				65F7277B182BF2A30029176B /* UIKit.framework in Frameworks */,
				65F72777182BF2A30029176B /* Foundation.framework in Frameworks */,
			);
			runOnlyForDeploymentPostprocessing = 0;
		};
		65F72791182BF2A30029176B /* Frameworks */ = {
			isa = PBXFrameworksBuildPhase;
			buildActionMask = 2147483647;
			files = (
				65F72796182BF2A30029176B /* XCTest.framework in Frameworks */,
				65F72798182BF2A30029176B /* UIKit.framework in Frameworks */,
				65F72797182BF2A30029176B /* Foundation.framework in Frameworks */,
			);
			runOnlyForDeploymentPostprocessing = 0;
		};
/* End PBXFrameworksBuildPhase section */

/* Begin PBXGroup section */
		650C4A70182EC92F0061FA62 /* Assets */ = {
			isa = PBXGroup;
			children = (
				65D2BF51186CC25D00A14918 /* snow.jpg */,
				65D2BF4A186CBE8F00A14918 /* tweed */,
				65752965185A4E92000E3226 /* Black */,
				6575294E185A1A4B000E3226 /* Orange */,
				650C4A71182EC92F0061FA62 /* bg_cork.png */,
				650C4A72182EC92F0061FA62 /* bg_cork@2x.png */,
				650C4A73182EC92F0061FA62 /* button.png */,
				650C4A74182EC92F0061FA62 /* button@2x.png */,
				650C4A75182EC92F0061FA62 /* decoration_snail.png */,
				650C4A76182EC92F0061FA62 /* decoration_snail@2x.png */,
				650C4A77182EC92F0061FA62 /* divider_bar.png */,
				650C4A78182EC92F0061FA62 /* divider_bar@2x.png */,
				650C4A79182EC92F0061FA62 /* header_bg.png */,
				650C4A7A182EC92F0061FA62 /* header_bg@2x.png */,
				650C4A7B182EC92F0061FA62 /* navbar.png */,
				650C4A7C182EC92F0061FA62 /* navbar@2x.png */,
				650C4A7D182EC92F0061FA62 /* polaroid1_border.png */,
				650C4A7E182EC92F0061FA62 /* polaroid1_border@2x.png */,
				650C4A7F182EC92F0061FA62 /* pushpin.png */,
				650C4A80182EC92F0061FA62 /* pushpin@2x.png */,
				650C4A81182EC92F0061FA62 /* search_field.png */,
				650C4A82182EC92F0061FA62 /* search_field@2x.png */,
				650C4A83182EC92F0061FA62 /* search_text.png */,
				650C4A84182EC92F0061FA62 /* search_text@2x.png */,
			);
			path = Assets;
			sourceTree = "<group>";
		};
		6575294E185A1A4B000E3226 /* Orange */ = {
			isa = PBXGroup;
			children = (
				6575294F185A1A4B000E3226 /* 2-orange-back-button.png */,
				65752950185A1A4B000E3226 /* 2-orange-back-button@2x.png */,
				65752951185A1A4B000E3226 /* 2-orange-background.jpg */,
				65752952185A1A4B000E3226 /* 2-orange-background@2x.jpg */,
				65752953185A1A4B000E3226 /* 2-orange-bar-button.png */,
				65752954185A1A4B000E3226 /* 2-orange-bar-button@2x.png */,
				65752955185A1A4B000E3226 /* 2-orange-menu-bar.png */,
				65752956185A1A4B000E3226 /* 2-orange-menu-bar@2x.png */,
				65752957185A1A4B000E3226 /* 2-orange-settings-button.png */,
				65752958185A1A4B000E3226 /* 2-orange-settings-button@2x.png */,
			);
			path = Orange;
			sourceTree = "<group>";
		};
		65752965185A4E92000E3226 /* Black */ = {
			isa = PBXGroup;
			children = (
				65752966185A4E92000E3226 /* 6-black-back-arrow.png */,
				65752967185A4E92000E3226 /* 6-black-back-arrow@2x.png */,
				65752968185A4E92000E3226 /* 6-black-back-button.png */,
				65752969185A4E92000E3226 /* 6-black-back-button@2x.png */,
				6575296A185A4E92000E3226 /* 6-black-background.jpg */,
				6575296B185A4E92000E3226 /* 6-black-background@2x.jpg */,
				6575296C185A4E92000E3226 /* 6-black-forward-arrow.png */,
				6575296D185A4E92000E3226 /* 6-black-forward-arrow@2x.png */,
				6575296E185A4E92000E3226 /* 6-black-menu-bar.png */,
				6575296F185A4E92000E3226 /* 6-black-menu-bar@2x.png */,
				65752970185A4E92000E3226 /* 6-black-navigation-bar.png */,
				65752971185A4E92000E3226 /* 6-black-navigation-bar@2x.png */,
				65752972185A4E92000E3226 /* 6-black-settings-button.png */,
				65752973185A4E92000E3226 /* 6-black-settings-button@2x.png */,
			);
			path = Black;
			sourceTree = "<group>";
		};
		65752996185B6030000E3226 /* CollectionViewLayout */ = {
			isa = PBXGroup;
			children = (
				65FA88B8184696EF00C8D5B3 /* ECCollectionViewFlowLayout.h */,
				65FA88B9184696EF00C8D5B3 /* ECCollectionViewFlowLayout.m */,
				6501AA81184AC3FB005BB8E7 /* StackedGridLayout.h */,
				6501AA82184AC3FB005BB8E7 /* StackedGridLayout.m */,
				6501AA83184AC3FB005BB8E7 /* StackedGridLayoutSection.h */,
				6501AA84184AC3FB005BB8E7 /* StackedGridLayoutSection.m */,
			);
			name = CollectionViewLayout;
			sourceTree = "<group>";
		};
		657529A9185BA8B8000E3226 /* TimesSquare */ = {
			isa = PBXGroup;
			children = (
				657529AA185BA8B8000E3226 /* TimesSquare-Prefix.pch */,
				657529AB185BA8B8000E3226 /* TimesSquare.h */,
				657529AC185BA8B8000E3226 /* TSQCalendarCell.h */,
				657529AD185BA8B8000E3226 /* TSQCalendarCell.m */,
				657529AE185BA8B8000E3226 /* TSQCalendarMonthHeaderCell.h */,
				657529AF185BA8B8000E3226 /* TSQCalendarMonthHeaderCell.m */,
				657529B0185BA8B8000E3226 /* TSQCalendarRowCell.h */,
				657529B1185BA8B8000E3226 /* TSQCalendarRowCell.m */,
				657529B2185BA8B8000E3226 /* TSQCalendarView.h */,
				657529B3185BA8B8000E3226 /* TSQCalendarView.m */,
			);
			path = TimesSquare;
			sourceTree = "<group>";
		};
		65B2F6721870D782004EFEB8 /* AFNetworking */ = {
			isa = PBXGroup;
			children = (
				65B2F6731870D782004EFEB8 /* AFHTTPRequestOperation.h */,
				65B2F6741870D782004EFEB8 /* AFHTTPRequestOperation.m */,
				65B2F6751870D782004EFEB8 /* AFHTTPRequestOperationManager.h */,
				65B2F6761870D782004EFEB8 /* AFHTTPRequestOperationManager.m */,
				65B2F6771870D782004EFEB8 /* AFHTTPSessionManager.h */,
				65B2F6781870D782004EFEB8 /* AFHTTPSessionManager.m */,
				65B2F6791870D782004EFEB8 /* AFNetworking.h */,
				65B2F67A1870D782004EFEB8 /* AFNetworkReachabilityManager.h */,
				65B2F67B1870D782004EFEB8 /* AFNetworkReachabilityManager.m */,
				65B2F67C1870D782004EFEB8 /* AFSecurityPolicy.h */,
				65B2F67D1870D782004EFEB8 /* AFSecurityPolicy.m */,
				65B2F67E1870D782004EFEB8 /* AFURLConnectionOperation.h */,
				65B2F67F1870D782004EFEB8 /* AFURLConnectionOperation.m */,
				65B2F6801870D782004EFEB8 /* AFURLRequestSerialization.h */,
				65B2F6811870D782004EFEB8 /* AFURLRequestSerialization.m */,
				65B2F6821870D782004EFEB8 /* AFURLResponseSerialization.h */,
				65B2F6831870D782004EFEB8 /* AFURLResponseSerialization.m */,
				65B2F6841870D782004EFEB8 /* AFURLSessionManager.h */,
				65B2F6851870D782004EFEB8 /* AFURLSessionManager.m */,
			);
			path = AFNetworking;
			sourceTree = "<group>";
		};
		65B2F6861870D782004EFEB8 /* UIKit+AFNetworking */ = {
			isa = PBXGroup;
			children = (
				65B2F6871870D782004EFEB8 /* AFNetworkActivityIndicatorManager.h */,
				65B2F6881870D782004EFEB8 /* AFNetworkActivityIndicatorManager.m */,
				65B2F6891870D782004EFEB8 /* UIActivityIndicatorView+AFNetworking.h */,
				65B2F68A1870D782004EFEB8 /* UIActivityIndicatorView+AFNetworking.m */,
				65B2F68B1870D782004EFEB8 /* UIAlertView+AFNetworking.h */,
				65B2F68C1870D782004EFEB8 /* UIAlertView+AFNetworking.m */,
				65B2F68D1870D782004EFEB8 /* UIButton+AFNetworking.h */,
				65B2F68E1870D782004EFEB8 /* UIButton+AFNetworking.m */,
				65B2F68F1870D782004EFEB8 /* UIImageView+AFNetworking.h */,
				65B2F6901870D782004EFEB8 /* UIImageView+AFNetworking.m */,
				65B2F6911870D782004EFEB8 /* UIKit+AFNetworking.h */,
				65B2F6921870D782004EFEB8 /* UIProgressView+AFNetworking.h */,
				65B2F6931870D782004EFEB8 /* UIProgressView+AFNetworking.m */,
				65B2F6941870D782004EFEB8 /* UIWebView+AFNetworking.h */,
				65B2F6951870D782004EFEB8 /* UIWebView+AFNetworking.m */,
			);
			path = "UIKit+AFNetworking";
			sourceTree = "<group>";
		};
		65D2BF4A186CBE8F00A14918 /* tweed */ = {
			isa = PBXGroup;
			children = (
				65D2BF4B186CBE8F00A14918 /* readme.txt */,
				65D2BF4C186CBE8F00A14918 /* tweed.png */,
				65D2BF4D186CBE8F00A14918 /* tweed_@2X.png */,
			);
			path = tweed;
			sourceTree = "<group>";
		};
		65F7276A182BF2A30029176B = {
			isa = PBXGroup;
			children = (
				657529A9185BA8B8000E3226 /* TimesSquare */,
				65F7277C182BF2A30029176B /* EZCalendar */,
				65F7279B182BF2A30029176B /* EZCalendarTests */,
				65F72775182BF2A30029176B /* Frameworks */,
				65F72774182BF2A30029176B /* Products */,
			);
			sourceTree = "<group>";
		};
		65F72774182BF2A30029176B /* Products */ = {
			isa = PBXGroup;
			children = (
				65F72773182BF2A30029176B /* EZCalendar.app */,
				65F72794182BF2A30029176B /* EZCalendarTests.xctest */,
			);
			name = Products;
			sourceTree = "<group>";
		};
		65F72775182BF2A30029176B /* Frameworks */ = {
			isa = PBXGroup;
			children = (
				65D2BF53186CD38700A14918 /* CoreLocation.framework */,
				657529A5185B62CE000E3226 /* MapKit.framework */,
				65752963185A3930000E3226 /* EventKitUI.framework */,
				65F727B0182C12170029176B /* QuartzCore.framework */,
				65F727AB182BF2BD0029176B /* EventKit.framework */,
				65F72776182BF2A30029176B /* Foundation.framework */,
				65F72778182BF2A30029176B /* CoreGraphics.framework */,
				65F7277A182BF2A30029176B /* UIKit.framework */,
				65F72795182BF2A30029176B /* XCTest.framework */,
			);
			name = Frameworks;
			sourceTree = "<group>";
		};
		65F7277C182BF2A30029176B /* EZCalendar */ = {
			isa = PBXGroup;
			children = (
				65B2F6721870D782004EFEB8 /* AFNetworking */,
				65B2F6861870D782004EFEB8 /* UIKit+AFNetworking */,
				65752996185B6030000E3226 /* CollectionViewLayout */,
				650C4A70182EC92F0061FA62 /* Assets */,
				65F72785182BF2A30029176B /* ECAppDelegate.h */,
				65F72786182BF2A30029176B /* ECAppDelegate.m */,
				65F72788182BF2A30029176B /* Main.storyboard */,
				65752982185B356C000E3226 /* SWRevealViewController.h */,
				65752983185B356C000E3226 /* SWRevealViewController.m */,
				65D2BF44186CAC1200A14918 /* ECTodayViewController.h */,
				65D2BF45186CAC1200A14918 /* ECTodayViewController.m */,
				65F7278B182BF2A30029176B /* ECViewController.h */,
				65F7278C182BF2A30029176B /* ECViewController.m */,
				657529B8185BA948000E3226 /* ECCalendarViewController.h */,
				657529B9185BA948000E3226 /* ECCalendarViewController.m */,
				65F7278E182BF2A30029176B /* Images.xcassets */,
				65F7277D182BF2A30029176B /* Supporting Files */,
				65F727AD182BFE050029176B /* ECEvent.h */,
				65F727AE182BFE050029176B /* ECEvent.m */,
				65F727B2182C22160029176B /* ECEventCell.h */,
				65F727B3182C22160029176B /* ECEventCell.m */,
				650C4A68182D9DF00061FA62 /* ECEventViewController.h */,
				650C4A69182D9DF00061FA62 /* ECEventViewController.m */,
				650C4A6A182D9DF00061FA62 /* ECEventViewController.xib */,
				650C4A6D182EC6300061FA62 /* ECHeaderView.h */,
				650C4A6E182EC6300061FA62 /* ECHeaderView.m */,
				650C4A9C183002D50061FA62 /* ECAddEventViewController.h */,
				650C4A9D183002D50061FA62 /* ECAddEventViewController.m */,
				65FD4709184E343900EB2DD8 /* ECEventStore.h */,
				65FD470A184E343900EB2DD8 /* ECEventStore.m */,
				65752992185B45CC000E3226 /* ECRearViewController.h */,
				65752993185B45CC000E3226 /* ECRearViewController.m */,
				650A807D186DE9C7008B13FB /* ECWeather.h */,
				650A807E186DE9C7008B13FB /* ECWeather.m */,
				65CEEF441877BC7800ED71C6 /* ECCustomCell.h */,
				65CEEF451877BC7800ED71C6 /* ECCustomCell.m */,
			);
			path = EZCalendar;
			sourceTree = "<group>";
		};
		65F7277D182BF2A30029176B /* Supporting Files */ = {
			isa = PBXGroup;
			children = (
				657529A7185B642A000E3226 /* TapkuLibrary_Prefix.pch */,
				65F7277E182BF2A30029176B /* EZCalendar-Info.plist */,
				65F7277F182BF2A30029176B /* InfoPlist.strings */,
				65F72782182BF2A30029176B /* main.m */,
				65F72784182BF2A30029176B /* EZCalendar-Prefix.pch */,
			);
			name = "Supporting Files";
			sourceTree = "<group>";
		};
		65F7279B182BF2A30029176B /* EZCalendarTests */ = {
			isa = PBXGroup;
			children = (
				65F727A1182BF2A30029176B /* EZCalendarTests.m */,
				65F7279C182BF2A30029176B /* Supporting Files */,
			);
			path = EZCalendarTests;
			sourceTree = "<group>";
		};
		65F7279C182BF2A30029176B /* Supporting Files */ = {
			isa = PBXGroup;
			children = (
				65F7279D182BF2A30029176B /* EZCalendarTests-Info.plist */,
				65F7279E182BF2A30029176B /* InfoPlist.strings */,
			);
			name = "Supporting Files";
			sourceTree = "<group>";
		};
/* End PBXGroup section */

/* Begin PBXNativeTarget section */
		65F72772182BF2A30029176B /* EZCalendar */ = {
			isa = PBXNativeTarget;
			buildConfigurationList = 65F727A5182BF2A30029176B /* Build configuration list for PBXNativeTarget "EZCalendar" */;
			buildPhases = (
				65F7276F182BF2A30029176B /* Sources */,
				65F72770182BF2A30029176B /* Frameworks */,
				65F72771182BF2A30029176B /* Resources */,
			);
			buildRules = (
			);
			dependencies = (
			);
			name = EZCalendar;
			productName = EZCalendar;
			productReference = 65F72773182BF2A30029176B /* EZCalendar.app */;
			productType = "com.apple.product-type.application";
		};
		65F72793182BF2A30029176B /* EZCalendarTests */ = {
			isa = PBXNativeTarget;
			buildConfigurationList = 65F727A8182BF2A30029176B /* Build configuration list for PBXNativeTarget "EZCalendarTests" */;
			buildPhases = (
				65F72790182BF2A30029176B /* Sources */,
				65F72791182BF2A30029176B /* Frameworks */,
				65F72792182BF2A30029176B /* Resources */,
			);
			buildRules = (
			);
			dependencies = (
				65F7279A182BF2A30029176B /* PBXTargetDependency */,
			);
			name = EZCalendarTests;
			productName = EZCalendarTests;
			productReference = 65F72794182BF2A30029176B /* EZCalendarTests.xctest */;
			productType = "com.apple.product-type.bundle.unit-test";
		};
/* End PBXNativeTarget section */

/* Begin PBXProject section */
		65F7276B182BF2A30029176B /* Project object */ = {
			isa = PBXProject;
			attributes = {
				CLASSPREFIX = EC;
				LastUpgradeCheck = 0500;
				ORGANIZATIONNAME = "scott mehus";
				TargetAttributes = {
					65F72772182BF2A30029176B = {
						DevelopmentTeam = 4HWQ95CTCF;
					};
					65F72793182BF2A30029176B = {
						TestTargetID = 65F72772182BF2A30029176B;
					};
				};
			};
			buildConfigurationList = 65F7276E182BF2A30029176B /* Build configuration list for PBXProject "EZCalendar" */;
			compatibilityVersion = "Xcode 3.2";
			developmentRegion = English;
			hasScannedForEncodings = 0;
			knownRegions = (
				en,
				Base,
			);
			mainGroup = 65F7276A182BF2A30029176B;
			productRefGroup = 65F72774182BF2A30029176B /* Products */;
			projectDirPath = "";
			projectRoot = "";
			targets = (
				65F72772182BF2A30029176B /* EZCalendar */,
				65F72793182BF2A30029176B /* EZCalendarTests */,
			);
		};
/* End PBXProject section */

/* Begin PBXResourcesBuildPhase section */
		65F72771182BF2A30029176B /* Resources */ = {
			isa = PBXResourcesBuildPhase;
			buildActionMask = 2147483647;
			files = (
				65D2BF50186CBE8F00A14918 /* tweed_@2X.png in Resources */,
				6575297D185A4E92000E3226 /* 6-black-menu-bar@2x.png in Resources */,
				65752974185A4E92000E3226 /* 6-black-back-arrow.png in Resources */,
				65752981185A4E92000E3226 /* 6-black-settings-button@2x.png in Resources */,
				650C4A87182EC92F0061FA62 /* button.png in Resources */,
				65D2BF4E186CBE8F00A14918 /* readme.txt in Resources */,
				650C4A96182EC92F0061FA62 /* search_field@2x.png in Resources */,
				650C4A97182EC92F0061FA62 /* search_text.png in Resources */,
				6575295F185A1A4B000E3226 /* 2-orange-menu-bar.png in Resources */,
				65752980185A4E92000E3226 /* 6-black-settings-button.png in Resources */,
				65F7278F182BF2A30029176B /* Images.xcassets in Resources */,
				6575295A185A1A4B000E3226 /* 2-orange-back-button@2x.png in Resources */,
				650C4A8E182EC92F0061FA62 /* header_bg@2x.png in Resources */,
				650C4A85182EC92F0061FA62 /* bg_cork.png in Resources */,
				6575295D185A1A4B000E3226 /* 2-orange-bar-button.png in Resources */,
				650C4A91182EC92F0061FA62 /* polaroid1_border.png in Resources */,
				650C4A90182EC92F0061FA62 /* navbar@2x.png in Resources */,
				65752975185A4E92000E3226 /* 6-black-back-arrow@2x.png in Resources */,
				6575297A185A4E92000E3226 /* 6-black-forward-arrow.png in Resources */,
				65752959185A1A4B000E3226 /* 2-orange-back-button.png in Resources */,
				65752976185A4E92000E3226 /* 6-black-back-button.png in Resources */,
				65752978185A4E92000E3226 /* 6-black-background.jpg in Resources */,
				65752962185A1A4B000E3226 /* 2-orange-settings-button@2x.png in Resources */,
				6575295B185A1A4B000E3226 /* 2-orange-background.jpg in Resources */,
				65F72781182BF2A30029176B /* InfoPlist.strings in Resources */,
				650C4A98182EC92F0061FA62 /* search_text@2x.png in Resources */,
				650C4A95182EC92F0061FA62 /* search_field.png in Resources */,
				6575297F185A4E92000E3226 /* 6-black-navigation-bar@2x.png in Resources */,
				65752977185A4E92000E3226 /* 6-black-back-button@2x.png in Resources */,
				650C4A8D182EC92F0061FA62 /* header_bg.png in Resources */,
				65752979185A4E92000E3226 /* 6-black-background@2x.jpg in Resources */,
				6575297B185A4E92000E3226 /* 6-black-forward-arrow@2x.png in Resources */,
				65D2BF4F186CBE8F00A14918 /* tweed.png in Resources */,
				6575295C185A1A4B000E3226 /* 2-orange-background@2x.jpg in Resources */,
				65F7278A182BF2A30029176B /* Main.storyboard in Resources */,
				650C4A86182EC92F0061FA62 /* bg_cork@2x.png in Resources */,
				65752960185A1A4B000E3226 /* 2-orange-menu-bar@2x.png in Resources */,
				650C4A8C182EC92F0061FA62 /* divider_bar@2x.png in Resources */,
				6575297C185A4E92000E3226 /* 6-black-menu-bar.png in Resources */,
				650C4A8A182EC92F0061FA62 /* decoration_snail@2x.png in Resources */,
				650C4A8F182EC92F0061FA62 /* navbar.png in Resources */,
				6575297E185A4E92000E3226 /* 6-black-navigation-bar.png in Resources */,
				650C4A88182EC92F0061FA62 /* button@2x.png in Resources */,
				650C4A93182EC92F0061FA62 /* pushpin.png in Resources */,
				650C4A6C182D9DF00061FA62 /* ECEventViewController.xib in Resources */,
				650C4A8B182EC92F0061FA62 /* divider_bar.png in Resources */,
				65D2BF52186CC25D00A14918 /* snow.jpg in Resources */,
				650C4A92182EC92F0061FA62 /* polaroid1_border@2x.png in Resources */,
				6575295E185A1A4B000E3226 /* 2-orange-bar-button@2x.png in Resources */,
				650C4A94182EC92F0061FA62 /* pushpin@2x.png in Resources */,
				650C4A89182EC92F0061FA62 /* decoration_snail.png in Resources */,
				65752961185A1A4B000E3226 /* 2-orange-settings-button.png in Resources */,
			);
			runOnlyForDeploymentPostprocessing = 0;
		};
		65F72792182BF2A30029176B /* Resources */ = {
			isa = PBXResourcesBuildPhase;
			buildActionMask = 2147483647;
			files = (
				65F727A0182BF2A30029176B /* InfoPlist.strings in Resources */,
			);
			runOnlyForDeploymentPostprocessing = 0;
		};
/* End PBXResourcesBuildPhase section */

/* Begin PBXSourcesBuildPhase section */
		65F7276F182BF2A30029176B /* Sources */ = {
			isa = PBXSourcesBuildPhase;
			buildActionMask = 2147483647;
			files = (
				65B2F6A21870D782004EFEB8 /* UIButton+AFNetworking.m in Sources */,
				65752984185B356C000E3226 /* SWRevealViewController.m in Sources */,
				65CEEF461877BC7800ED71C6 /* ECCustomCell.m in Sources */,
				65F7278D182BF2A30029176B /* ECViewController.m in Sources */,
				65D2BF46186CAC1200A14918 /* ECTodayViewController.m in Sources */,
				65B2F6A41870D782004EFEB8 /* UIProgressView+AFNetworking.m in Sources */,
				657529B4185BA8B8000E3226 /* TSQCalendarCell.m in Sources */,
				65B2F69B1870D782004EFEB8 /* AFURLConnectionOperation.m in Sources */,
				65F727B4182C22160029176B /* ECEventCell.m in Sources */,
				65FA88BA184696EF00C8D5B3 /* ECCollectionViewFlowLayout.m in Sources */,
				650A807F186DE9C7008B13FB /* ECWeather.m in Sources */,
				65F72787182BF2A30029176B /* ECAppDelegate.m in Sources */,
				65FD470B184E343900EB2DD8 /* ECEventStore.m in Sources */,
				650C4A6F182EC6300061FA62 /* ECHeaderView.m in Sources */,
				65B2F69F1870D782004EFEB8 /* AFNetworkActivityIndicatorManager.m in Sources */,
				65B2F6961870D782004EFEB8 /* AFHTTPRequestOperation.m in Sources */,
				657529B5185BA8B8000E3226 /* TSQCalendarMonthHeaderCell.m in Sources */,
				65B2F6991870D782004EFEB8 /* AFNetworkReachabilityManager.m in Sources */,
				65B2F6A11870D782004EFEB8 /* UIAlertView+AFNetworking.m in Sources */,
				6501AA85184AC3FB005BB8E7 /* StackedGridLayout.m in Sources */,
				65B2F69E1870D782004EFEB8 /* AFURLSessionManager.m in Sources */,
				65752994185B45CC000E3226 /* ECRearViewController.m in Sources */,
				65B2F6971870D782004EFEB8 /* AFHTTPRequestOperationManager.m in Sources */,
				65B2F6981870D782004EFEB8 /* AFHTTPSessionManager.m in Sources */,
				65B2F6A51870D782004EFEB8 /* UIWebView+AFNetworking.m in Sources */,
				657529BA185BA948000E3226 /* ECCalendarViewController.m in Sources */,
				65B2F69D1870D782004EFEB8 /* AFURLResponseSerialization.m in Sources */,
				65B2F69C1870D782004EFEB8 /* AFURLRequestSerialization.m in Sources */,
				657529B7185BA8B8000E3226 /* TSQCalendarView.m in Sources */,
				65B2F6A31870D782004EFEB8 /* UIImageView+AFNetworking.m in Sources */,
				650C4A6B182D9DF00061FA62 /* ECEventViewController.m in Sources */,
				6501AA86184AC3FB005BB8E7 /* StackedGridLayoutSection.m in Sources */,
				65F727AF182BFE050029176B /* ECEvent.m in Sources */,
				65B2F69A1870D782004EFEB8 /* AFSecurityPolicy.m in Sources */,
				65F72783182BF2A30029176B /* main.m in Sources */,
				650C4A9E183002D50061FA62 /* ECAddEventViewController.m in Sources */,
				65B2F6A01870D782004EFEB8 /* UIActivityIndicatorView+AFNetworking.m in Sources */,
				657529B6185BA8B8000E3226 /* TSQCalendarRowCell.m in Sources */,
			);
			runOnlyForDeploymentPostprocessing = 0;
		};
		65F72790182BF2A30029176B /* Sources */ = {
			isa = PBXSourcesBuildPhase;
			buildActionMask = 2147483647;
			files = (
				65F727A2182BF2A30029176B /* EZCalendarTests.m in Sources */,
			);
			runOnlyForDeploymentPostprocessing = 0;
		};
/* End PBXSourcesBuildPhase section */

/* Begin PBXTargetDependency section */
		65F7279A182BF2A30029176B /* PBXTargetDependency */ = {
			isa = PBXTargetDependency;
			target = 65F72772182BF2A30029176B /* EZCalendar */;
			targetProxy = 65F72799182BF2A30029176B /* PBXContainerItemProxy */;
		};
/* End PBXTargetDependency section */

/* Begin PBXVariantGroup section */
		65F7277F182BF2A30029176B /* InfoPlist.strings */ = {
			isa = PBXVariantGroup;
			children = (
				65F72780182BF2A30029176B /* en */,
			);
			name = InfoPlist.strings;
			sourceTree = "<group>";
		};
		65F72788182BF2A30029176B /* Main.storyboard */ = {
			isa = PBXVariantGroup;
			children = (
				65F72789182BF2A30029176B /* Base */,
			);
			name = Main.storyboard;
			sourceTree = "<group>";
		};
		65F7279E182BF2A30029176B /* InfoPlist.strings */ = {
			isa = PBXVariantGroup;
			children = (
				65F7279F182BF2A30029176B /* en */,
			);
			name = InfoPlist.strings;
			sourceTree = "<group>";
		};
/* End PBXVariantGroup section */

/* Begin XCBuildConfiguration section */
		65F727A3182BF2A30029176B /* Debug */ = {
			isa = XCBuildConfiguration;
			buildSettings = {
				ALWAYS_SEARCH_USER_PATHS = NO;
				ARCHS = "$(ARCHS_STANDARD_INCLUDING_64_BIT)";
				CLANG_CXX_LANGUAGE_STANDARD = "gnu++0x";
				CLANG_CXX_LIBRARY = "libc++";
				CLANG_ENABLE_MODULES = YES;
				CLANG_ENABLE_OBJC_ARC = YES;
				CLANG_WARN_BOOL_CONVERSION = YES;
				CLANG_WARN_CONSTANT_CONVERSION = YES;
				CLANG_WARN_DIRECT_OBJC_ISA_USAGE = YES_ERROR;
				CLANG_WARN_EMPTY_BODY = YES;
				CLANG_WARN_ENUM_CONVERSION = YES;
				CLANG_WARN_INT_CONVERSION = YES;
				CLANG_WARN_OBJC_ROOT_CLASS = YES_ERROR;
				CLANG_WARN__DUPLICATE_METHOD_MATCH = YES;
				"CODE_SIGN_IDENTITY[sdk=iphoneos*]" = "iPhone Developer";
				COPY_PHASE_STRIP = NO;
				GCC_C_LANGUAGE_STANDARD = gnu99;
				GCC_DYNAMIC_NO_PIC = NO;
				GCC_OPTIMIZATION_LEVEL = 0;
				GCC_PREPROCESSOR_DEFINITIONS = (
					"DEBUG=1",
					"$(inherited)",
				);
				GCC_SYMBOLS_PRIVATE_EXTERN = NO;
				GCC_WARN_64_TO_32_BIT_CONVERSION = YES;
				GCC_WARN_ABOUT_RETURN_TYPE = YES_ERROR;
				GCC_WARN_UNDECLARED_SELECTOR = YES;
				GCC_WARN_UNINITIALIZED_AUTOS = YES;
				GCC_WARN_UNUSED_FUNCTION = YES;
				GCC_WARN_UNUSED_VARIABLE = YES;
				IPHONEOS_DEPLOYMENT_TARGET = 7.0;
				ONLY_ACTIVE_ARCH = YES;
				SDKROOT = iphoneos;
			};
			name = Debug;
		};
		65F727A4182BF2A30029176B /* Release */ = {
			isa = XCBuildConfiguration;
			buildSettings = {
				ALWAYS_SEARCH_USER_PATHS = NO;
				ARCHS = "$(ARCHS_STANDARD_INCLUDING_64_BIT)";
				CLANG_CXX_LANGUAGE_STANDARD = "gnu++0x";
				CLANG_CXX_LIBRARY = "libc++";
				CLANG_ENABLE_MODULES = YES;
				CLANG_ENABLE_OBJC_ARC = YES;
				CLANG_WARN_BOOL_CONVERSION = YES;
				CLANG_WARN_CONSTANT_CONVERSION = YES;
				CLANG_WARN_DIRECT_OBJC_ISA_USAGE = YES_ERROR;
				CLANG_WARN_EMPTY_BODY = YES;
				CLANG_WARN_ENUM_CONVERSION = YES;
				CLANG_WARN_INT_CONVERSION = YES;
				CLANG_WARN_OBJC_ROOT_CLASS = YES_ERROR;
				CLANG_WARN__DUPLICATE_METHOD_MATCH = YES;
				"CODE_SIGN_IDENTITY[sdk=iphoneos*]" = "iPhone Developer";
				COPY_PHASE_STRIP = YES;
				ENABLE_NS_ASSERTIONS = NO;
				GCC_C_LANGUAGE_STANDARD = gnu99;
				GCC_WARN_64_TO_32_BIT_CONVERSION = YES;
				GCC_WARN_ABOUT_RETURN_TYPE = YES_ERROR;
				GCC_WARN_UNDECLARED_SELECTOR = YES;
				GCC_WARN_UNINITIALIZED_AUTOS = YES;
				GCC_WARN_UNUSED_FUNCTION = YES;
				GCC_WARN_UNUSED_VARIABLE = YES;
				IPHONEOS_DEPLOYMENT_TARGET = 7.0;
				SDKROOT = iphoneos;
				VALIDATE_PRODUCT = YES;
			};
			name = Release;
		};
		65F727A6182BF2A30029176B /* Debug */ = {
			isa = XCBuildConfiguration;
			buildSettings = {
				ASSETCATALOG_COMPILER_APPICON_NAME = AppIcon;
				ASSETCATALOG_COMPILER_LAUNCHIMAGE_NAME = LaunchImage;
				CODE_SIGN_IDENTITY = "iPhone Developer";
				"CODE_SIGN_IDENTITY[sdk=iphoneos*]" = "iPhone Developer";
				GCC_PRECOMPILE_PREFIX_HEADER = YES;
				GCC_PREFIX_HEADER = "EZCalendar/EZCalendar-Prefix.pch";
				HEADER_SEARCH_PATHS = (
					"$(inherited)",
					/Applications/Xcode.app/Contents/Developer/Toolchains/XcodeDefault.xctoolchain/usr/include,
					"/Users/smehus/Downloads/tapkulibrary-master/src",
				);
				INFOPLIST_FILE = "EZCalendar/EZCalendar-Info.plist";
				OTHER_LDFLAGS = "-ObjC";
				PRODUCT_NAME = "$(TARGET_NAME)";
				PROVISIONING_PROFILE = "";
				WRAPPER_EXTENSION = app;
			};
			name = Debug;
		};
		65F727A7182BF2A30029176B /* Release */ = {
			isa = XCBuildConfiguration;
			buildSettings = {
				ASSETCATALOG_COMPILER_APPICON_NAME = AppIcon;
				ASSETCATALOG_COMPILER_LAUNCHIMAGE_NAME = LaunchImage;
				CODE_SIGN_IDENTITY = "iPhone Developer";
				"CODE_SIGN_IDENTITY[sdk=iphoneos*]" = "iPhone Developer";
				GCC_PRECOMPILE_PREFIX_HEADER = YES;
				GCC_PREFIX_HEADER = "EZCalendar/EZCalendar-Prefix.pch";
				HEADER_SEARCH_PATHS = (
					"$(inherited)",
					/Applications/Xcode.app/Contents/Developer/Toolchains/XcodeDefault.xctoolchain/usr/include,
					"/Users/smehus/Downloads/tapkulibrary-master/src",
				);
				INFOPLIST_FILE = "EZCalendar/EZCalendar-Info.plist";
				OTHER_LDFLAGS = "-ObjC";
				PRODUCT_NAME = "$(TARGET_NAME)";
				PROVISIONING_PROFILE = "";
				WRAPPER_EXTENSION = app;
			};
			name = Release;
		};
		65F727A9182BF2A30029176B /* Debug */ = {
			isa = XCBuildConfiguration;
			buildSettings = {
				ARCHS = "$(ARCHS_STANDARD_INCLUDING_64_BIT)";
				BUNDLE_LOADER = "$(BUILT_PRODUCTS_DIR)/EZCalendar.app/EZCalendar";
				FRAMEWORK_SEARCH_PATHS = (
					"$(SDKROOT)/Developer/Library/Frameworks",
					"$(inherited)",
					"$(DEVELOPER_FRAMEWORKS_DIR)",
				);
				GCC_PRECOMPILE_PREFIX_HEADER = YES;
				GCC_PREFIX_HEADER = "EZCalendar/EZCalendar-Prefix.pch";
				GCC_PREPROCESSOR_DEFINITIONS = (
					"DEBUG=1",
					"$(inherited)",
				);
				INFOPLIST_FILE = "EZCalendarTests/EZCalendarTests-Info.plist";
				PRODUCT_NAME = "$(TARGET_NAME)";
				TEST_HOST = "$(BUNDLE_LOADER)";
				WRAPPER_EXTENSION = xctest;
			};
			name = Debug;
		};
		65F727AA182BF2A30029176B /* Release */ = {
			isa = XCBuildConfiguration;
			buildSettings = {
				ARCHS = "$(ARCHS_STANDARD_INCLUDING_64_BIT)";
				BUNDLE_LOADER = "$(BUILT_PRODUCTS_DIR)/EZCalendar.app/EZCalendar";
				FRAMEWORK_SEARCH_PATHS = (
					"$(SDKROOT)/Developer/Library/Frameworks",
					"$(inherited)",
					"$(DEVELOPER_FRAMEWORKS_DIR)",
				);
				GCC_PRECOMPILE_PREFIX_HEADER = YES;
				GCC_PREFIX_HEADER = "EZCalendar/EZCalendar-Prefix.pch";
				INFOPLIST_FILE = "EZCalendarTests/EZCalendarTests-Info.plist";
				PRODUCT_NAME = "$(TARGET_NAME)";
				TEST_HOST = "$(BUNDLE_LOADER)";
				WRAPPER_EXTENSION = xctest;
			};
			name = Release;
		};
/* End XCBuildConfiguration section */

/* Begin XCConfigurationList section */
		65F7276E182BF2A30029176B /* Build configuration list for PBXProject "EZCalendar" */ = {
			isa = XCConfigurationList;
			buildConfigurations = (
				65F727A3182BF2A30029176B /* Debug */,
				65F727A4182BF2A30029176B /* Release */,
			);
			defaultConfigurationIsVisible = 0;
			defaultConfigurationName = Release;
		};
		65F727A5182BF2A30029176B /* Build configuration list for PBXNativeTarget "EZCalendar" */ = {
			isa = XCConfigurationList;
			buildConfigurations = (
				65F727A6182BF2A30029176B /* Debug */,
				65F727A7182BF2A30029176B /* Release */,
			);
			defaultConfigurationIsVisible = 0;
			defaultConfigurationName = Release;
		};
		65F727A8182BF2A30029176B /* Build configuration list for PBXNativeTarget "EZCalendarTests" */ = {
			isa = XCConfigurationList;
			buildConfigurations = (
				65F727A9182BF2A30029176B /* Debug */,
				65F727AA182BF2A30029176B /* Release */,
			);
			defaultConfigurationIsVisible = 0;
			defaultConfigurationName = Release;
		};
/* End XCConfigurationList section */
	};
	rootObject = 65F7276B182BF2A30029176B /* Project object */;
}
